
Microsoft Visual Studio Solution File, Format Version 12.00
# Visual Studio 15
Project("{FAE04EC0-301F-11D3-BF4B-00C04F79EFBC}") = "Assembly-CSharp", "Assembly-CSharp.csproj", "{3056F4A7-CC80-9DF6-1B1D-D6CF0D020CEF}"
EndProject
Global
	GlobalSection(SolutionConfigurationPlatforms) = preSolution
		Debug|Any CPU = Debug|Any CPU
		Release|Any CPU = Release|Any CPU
	EndGlobalSection
	GlobalSection(ProjectConfigurationPlatforms) = postSolution
		{3056F4A7-CC80-9DF6-1B1D-D6CF0D020CEF}.Debug|Any CPU.ActiveCfg = Debug|Any CPU
		{3056F4A7-CC80-9DF6-1B1D-D6CF0D020CEF}.Debug|Any CPU.Build.0 = Debug|Any CPU
		{3056F4A7-CC80-9DF6-1B1D-D6CF0D020CEF}.Release|Any CPU.ActiveCfg = Release|Any CPU
		{3056F4A7-CC80-9DF6-1B1D-D6CF0D020CEF}.Release|Any CPU.Build.0 = Release|Any CPU
	EndGlobalSection
	GlobalSection(SolutionProperties) = preSolution
		HideSolutionNode = FALSE
	EndGlobalSection
EndGlobal
